
Microsoft Visual Studio Solution File, Format Version 12.00
# Visual Studio 15
VisualStudioVersion = 15.0.26730.16
MinimumVisualStudioVersion = 10.0.40219.1
Project("{FAE04EC0-301F-11D3-BF4B-00C04F79EFBC}") = "Bilans", "ConsoleApp4\Bilans.csproj", "{0BCDD717-528E-4235-A84D-DF42FE34981A}"
EndProject
Project("{2150E333-8FDC-42A3-9474-1A3956D46DE8}") = "Solution Items", "Solution Items", "{C3FD0F26-0728-44CC-93D8-9D40D2E87193}"
EndProject
Global
	GlobalSection(SolutionConfigurationPlatforms) = preSolution
		Debug|Any CPU = Debug|Any CPU
		Release|Any CPU = Release|Any CPU
	EndGlobalSection
	GlobalSection(ProjectConfigurationPlatforms) = postSolution
		{0BCDD717-528E-4235-A84D-DF42FE34981A}.Debug|Any CPU.ActiveCfg = Debug|Any CPU
		{0BCDD717-528E-4235-A84D-DF42FE34981A}.Debug|Any CPU.Build.0 = Debug|Any CPU
		{0BCDD717-528E-4235-A84D-DF42FE34981A}.Release|Any CPU.ActiveCfg = Release|Any CPU
		{0BCDD717-528E-4235-A84D-DF42FE34981A}.Release|Any CPU.Build.0 = Release|Any CPU
	EndGlobalSection
	GlobalSection(SolutionProperties) = preSolution
		HideSolutionNode = FALSE
	EndGlobalSection
	GlobalSection(ExtensibilityGlobals) = postSolution
		SolutionGuid = {0696453C-34BF-4652-816C-7A74D2772441}
	EndGlobalSection
EndGlobal
